
Microsoft Visual Studio Solution File, Format Version 12.00
# Visual Studio Version 17
VisualStudioVersion = 17.4.33205.214
MinimumVisualStudioVersion = 10.0.40219.1
Project("{8BC9CEB8-8B4A-11D0-8D11-00A0C91BC942}") = "Project", "Project\Project.vcxproj", "{8441B598-54CC-4F01-AFA7-B57120B10471}"
EndProject
Global
	GlobalSection(SolutionConfigurationPlatforms) = preSolution
		Debug|x64 = Debug|x64
		Debug|x86 = Debug|x86
		Release|x64 = Release|x64
		Release|x86 = Release|x86
	EndGlobalSection
	GlobalSection(ProjectConfigurationPlatforms) = postSolution
		{8441B598-54CC-4F01-AFA7-B57120B10471}.Debug|x64.ActiveCfg = Debug|x64
		{8441B598-54CC-4F01-AFA7-B57120B10471}.Debug|x64.Build.0 = Debug|x64
		{8441B598-54CC-4F01-AFA7-B57120B10471}.Debug|x86.ActiveCfg = Debug|Win32
		{8441B598-54CC-4F01-AFA7-B57120B10471}.Debug|x86.Build.0 = Debug|Win32
		{8441B598-54CC-4F01-AFA7-B57120B10471}.Release|x64.ActiveCfg = Release|x64
		{8441B598-54CC-4F01-AFA7-B57120B10471}.Release|x64.Build.0 = Release|x64
		{8441B598-54CC-4F01-AFA7-B57120B10471}.Release|x86.ActiveCfg = Release|Win32
		{8441B598-54CC-4F01-AFA7-B57120B10471}.Release|x86.Build.0 = Release|Win32
	EndGlobalSection
	GlobalSection(SolutionProperties) = preSolution
		HideSolutionNode = FALSE
	EndGlobalSection
	GlobalSection(ExtensibilityGlobals) = postSolution
		SolutionGuid = {ED069B84-D37F-49EA-BD58-A0474D587B37}
	EndGlobalSection
EndGlobal
